
Microsoft Visual Studio Solution File, Format Version 12.00
# Visual Studio Version 16
VisualStudioVersion = 16.0.30709.132
MinimumVisualStudioVersion = 10.0.40219.1
Project("{FAE04EC0-301F-11D3-BF4B-00C04F79EFBC}") = "BlazorDemoApp", "BlazorDemoApp\BlazorDemoApp.csproj", "{F800B42E-F0C5-43F3-A320-48FCA4AEF479}"
EndProject
Project("{FAE04EC0-301F-11D3-BF4B-00C04F79EFBC}") = "DataAccessLibrary", "DataAccessLibrary\DataAccessLibrary.csproj", "{19D449EF-7707-48FB-84DE-8BD0CC224840}"
EndProject
Project("{00D1A9C2-B5F0-4AF3-8072-F6C62B433612}") = "Database", "Database\Database.sqlproj", "{E33BA933-78C8-46C8-B644-399799A8C48E}"
EndProject
Global
	GlobalSection(SolutionConfigurationPlatforms) = preSolution
		Debug|Any CPU = Debug|Any CPU
		Release|Any CPU = Release|Any CPU
	EndGlobalSection
	GlobalSection(ProjectConfigurationPlatforms) = postSolution
		{F800B42E-F0C5-43F3-A320-48FCA4AEF479}.Debug|Any CPU.ActiveCfg = Debug|Any CPU
		{F800B42E-F0C5-43F3-A320-48FCA4AEF479}.Debug|Any CPU.Build.0 = Debug|Any CPU
		{F800B42E-F0C5-43F3-A320-48FCA4AEF479}.Release|Any CPU.ActiveCfg = Release|Any CPU
		{F800B42E-F0C5-43F3-A320-48FCA4AEF479}.Release|Any CPU.Build.0 = Release|Any CPU
		{19D449EF-7707-48FB-84DE-8BD0CC224840}.Debug|Any CPU.ActiveCfg = Debug|Any CPU
		{19D449EF-7707-48FB-84DE-8BD0CC224840}.Debug|Any CPU.Build.0 = Debug|Any CPU
		{19D449EF-7707-48FB-84DE-8BD0CC224840}.Release|Any CPU.ActiveCfg = Release|Any CPU
		{19D449EF-7707-48FB-84DE-8BD0CC224840}.Release|Any CPU.Build.0 = Release|Any CPU
		{E33BA933-78C8-46C8-B644-399799A8C48E}.Debug|Any CPU.ActiveCfg = Debug|Any CPU
		{E33BA933-78C8-46C8-B644-399799A8C48E}.Debug|Any CPU.Build.0 = Debug|Any CPU
		{E33BA933-78C8-46C8-B644-399799A8C48E}.Debug|Any CPU.Deploy.0 = Debug|Any CPU
		{E33BA933-78C8-46C8-B644-399799A8C48E}.Release|Any CPU.ActiveCfg = Release|Any CPU
		{E33BA933-78C8-46C8-B644-399799A8C48E}.Release|Any CPU.Build.0 = Release|Any CPU
		{E33BA933-78C8-46C8-B644-399799A8C48E}.Release|Any CPU.Deploy.0 = Release|Any CPU
	EndGlobalSection
	GlobalSection(SolutionProperties) = preSolution
		HideSolutionNode = FALSE
	EndGlobalSection
	GlobalSection(ExtensibilityGlobals) = postSolution
		SolutionGuid = {B8932080-A0A5-4D05-991A-7042382831AB}
	EndGlobalSection
EndGlobal
